// !$*UTF8*$!
{
	archiveVersion = 1;
	classes = {
	};
	objectVersion = 48;
	objects = {

/* Begin PBXBuildFile section */
		C5B0AE64232B9FAE00618E68 /* AppDelegate.swift in Sources */ = {isa = PBXBuildFile; fileRef = C5B0AE63232B9FAE00618E68 /* AppDelegate.swift */; };
		C5B0AE66232B9FAE00618E68 /* ViewController.swift in Sources */ = {isa = PBXBuildFile; fileRef = C5B0AE65232B9FAE00618E68 /* ViewController.swift */; };
		C5B0AE69232B9FAE00618E68 /* Main.storyboard in Resources */ = {isa = PBXBuildFile; fileRef = C5B0AE67232B9FAE00618E68 /* Main.storyboard */; };
		C5B0AE6C232B9FAE00618E68 /* sliderimage.xcdatamodeld in Sources */ = {isa = PBXBuildFile; fileRef = C5B0AE6A232B9FAE00618E68 /* sliderimage.xcdatamodeld */; };
		C5B0AE6E232B9FAE00618E68 /* Assets.xcassets in Resources */ = {isa = PBXBuildFile; fileRef = C5B0AE6D232B9FAE00618E68 /* Assets.xcassets */; };
		C5B0AE71232B9FAE00618E68 /* LaunchScreen.storyboard in Resources */ = {isa = PBXBuildFile; fileRef = C5B0AE6F232B9FAE00618E68 /* LaunchScreen.storyboard */; };
		C5B0AE7C232B9FAF00618E68 /* sliderimageTests.swift in Sources */ = {isa = PBXBuildFile; fileRef = C5B0AE7B232B9FAF00618E68 /* sliderimageTests.swift */; };
		C5B0AE87232B9FAF00618E68 /* sliderimageUITests.swift in Sources */ = {isa = PBXBuildFile; fileRef = C5B0AE86232B9FAF00618E68 /* sliderimageUITests.swift */; };
/* End PBXBuildFile section */

/* Begin PBXContainerItemProxy section */
		C5B0AE78232B9FAF00618E68 /* PBXContainerItemProxy */ = {
			isa = PBXContainerItemProxy;
			containerPortal = C5B0AE58232B9FAE00618E68 /* Project object */;
			proxyType = 1;
			remoteGlobalIDString = C5B0AE5F232B9FAE00618E68;
			remoteInfo = sliderimage;
		};
		C5B0AE83232B9FAF00618E68 /* PBXContainerItemProxy */ = {
			isa = PBXContainerItemProxy;
			containerPortal = C5B0AE58232B9FAE00618E68 /* Project object */;
			proxyType = 1;
			remoteGlobalIDString = C5B0AE5F232B9FAE00618E68;
			remoteInfo = sliderimage;
		};
/* End PBXContainerItemProxy section */

/* Begin PBXFileReference section */
		C5B0AE60232B9FAE00618E68 /* sliderimage.app */ = {isa = PBXFileReference; explicitFileType = wrapper.application; includeInIndex = 0; path = sliderimage.app; sourceTree = BUILT_PRODUCTS_DIR; };
		C5B0AE63232B9FAE00618E68 /* AppDelegate.swift */ = {isa = PBXFileReference; lastKnownFileType = sourcecode.swift; path = AppDelegate.swift; sourceTree = "<group>"; };
		C5B0AE65232B9FAE00618E68 /* ViewController.swift */ = {isa = PBXFileReference; lastKnownFileType = sourcecode.swift; path = ViewController.swift; sourceTree = "<group>"; };
		C5B0AE68232B9FAE00618E68 /* Base */ = {isa = PBXFileReference; lastKnownFileType = file.storyboard; name = Base; path = Base.lproj/Main.storyboard; sourceTree = "<group>"; };
		C5B0AE6B232B9FAE00618E68 /* sliderimage.xcdatamodel */ = {isa = PBXFileReference; lastKnownFileType = wrapper.xcdatamodel; path = sliderimage.xcdatamodel; sourceTree = "<group>"; };
		C5B0AE6D232B9FAE00618E68 /* Assets.xcassets */ = {isa = PBXFileReference; lastKnownFileType = folder.assetcatalog; path = Assets.xcassets; sourceTree = "<group>"; };
		C5B0AE70232B9FAE00618E68 /* Base */ = {isa = PBXFileReference; lastKnownFileType = file.storyboard; name = Base; path = Base.lproj/LaunchScreen.storyboard; sourceTree = "<group>"; };
		C5B0AE72232B9FAE00618E68 /* Info.plist */ = {isa = PBXFileReference; lastKnownFileType = text.plist.xml; path = Info.plist; sourceTree = "<group>"; };
		C5B0AE77232B9FAF00618E68 /* sliderimageTests.xctest */ = {isa = PBXFileReference; explicitFileType = wrapper.cfbundle; includeInIndex = 0; path = sliderimageTests.xctest; sourceTree = BUILT_PRODUCTS_DIR; };
		C5B0AE7B232B9FAF00618E68 /* sliderimageTests.swift */ = {isa = PBXFileReference; lastKnownFileType = sourcecode.swift; path = sliderimageTests.swift; sourceTree = "<group>"; };
		C5B0AE7D232B9FAF00618E68 /* Info.plist */ = {isa = PBXFileReference; lastKnownFileType = text.plist.xml; path = Info.plist; sourceTree = "<group>"; };
		C5B0AE82232B9FAF00618E68 /* sliderimageUITests.xctest */ = {isa = PBXFileReference; explicitFileType = wrapper.cfbundle; includeInIndex = 0; path = sliderimageUITests.xctest; sourceTree = BUILT_PRODUCTS_DIR; };
		C5B0AE86232B9FAF00618E68 /* sliderimageUITests.swift */ = {isa = PBXFileReference; lastKnownFileType = sourcecode.swift; path = sliderimageUITests.swift; sourceTree = "<group>"; };
		C5B0AE88232B9FAF00618E68 /* Info.plist */ = {isa = PBXFileReference; lastKnownFileType = text.plist.xml; path = Info.plist; sourceTree = "<group>"; };
/* End PBXFileReference section */

/* Begin PBXFrameworksBuildPhase section */
		C5B0AE5D232B9FAE00618E68 /* Frameworks */ = {
			isa = PBXFrameworksBuildPhase;
			buildActionMask = 2147483647;
			files = (
			);
			runOnlyForDeploymentPostprocessing = 0;
		};
		C5B0AE74232B9FAF00618E68 /* Frameworks */ = {
			isa = PBXFrameworksBuildPhase;
			buildActionMask = 2147483647;
			files = (
			);
			runOnlyForDeploymentPostprocessing = 0;
		};
		C5B0AE7F232B9FAF00618E68 /* Frameworks */ = {
			isa = PBXFrameworksBuildPhase;
			buildActionMask = 2147483647;
			files = (
			);
			runOnlyForDeploymentPostprocessing = 0;
		};
/* End PBXFrameworksBuildPhase section */

/* Begin PBXGroup section */
		C5B0AE57232B9FAE00618E68 = {
			isa = PBXGroup;
			children = (
				C5B0AE62232B9FAE00618E68 /* sliderimage */,
				C5B0AE7A232B9FAF00618E68 /* sliderimageTests */,
				C5B0AE85232B9FAF00618E68 /* sliderimageUITests */,
				C5B0AE61232B9FAE00618E68 /* Products */,
			);
			sourceTree = "<group>";
		};
		C5B0AE61232B9FAE00618E68 /* Products */ = {
			isa = PBXGroup;
			children = (
				C5B0AE60232B9FAE00618E68 /* sliderimage.app */,
				C5B0AE77232B9FAF00618E68 /* sliderimageTests.xctest */,
				C5B0AE82232B9FAF00618E68 /* sliderimageUITests.xctest */,
			);
			name = Products;
			sourceTree = "<group>";
		};
		C5B0AE62232B9FAE00618E68 /* sliderimage */ = {
			isa = PBXGroup;
			children = (
				C5B0AE63232B9FAE00618E68 /* AppDelegate.swift */,
				C5B0AE65232B9FAE00618E68 /* ViewController.swift */,
				C5B0AE67232B9FAE00618E68 /* Main.storyboard */,
				C5B0AE6D232B9FAE00618E68 /* Assets.xcassets */,
				C5B0AE6F232B9FAE00618E68 /* LaunchScreen.storyboard */,
				C5B0AE72232B9FAE00618E68 /* Info.plist */,
				C5B0AE6A232B9FAE00618E68 /* sliderimage.xcdatamodeld */,
			);
			path = sliderimage;
			sourceTree = "<group>";
		};
		C5B0AE7A232B9FAF00618E68 /* sliderimageTests */ = {
			isa = PBXGroup;
			children = (
				C5B0AE7B232B9FAF00618E68 /* sliderimageTests.swift */,
				C5B0AE7D232B9FAF00618E68 /* Info.plist */,
			);
			path = sliderimageTests;
			sourceTree = "<group>";
		};
		C5B0AE85232B9FAF00618E68 /* sliderimageUITests */ = {
			isa = PBXGroup;
			children = (
				C5B0AE86232B9FAF00618E68 /* sliderimageUITests.swift */,
				C5B0AE88232B9FAF00618E68 /* Info.plist */,
			);
			path = sliderimageUITests;
			sourceTree = "<group>";
		};
/* End PBXGroup section */

/* Begin PBXNativeTarget section */
		C5B0AE5F232B9FAE00618E68 /* sliderimage */ = {
			isa = PBXNativeTarget;
			buildConfigurationList = C5B0AE8B232B9FAF00618E68 /* Build configuration list for PBXNativeTarget "sliderimage" */;
			buildPhases = (
				C5B0AE5C232B9FAE00618E68 /* Sources */,
				C5B0AE5D232B9FAE00618E68 /* Frameworks */,
				C5B0AE5E232B9FAE00618E68 /* Resources */,
			);
			buildRules = (
			);
			dependencies = (
			);
			name = sliderimage;
			productName = sliderimage;
			productReference = C5B0AE60232B9FAE00618E68 /* sliderimage.app */;
			productType = "com.apple.product-type.application";
		};
		C5B0AE76232B9FAF00618E68 /* sliderimageTests */ = {
			isa = PBXNativeTarget;
			buildConfigurationList = C5B0AE8E232B9FAF00618E68 /* Build configuration list for PBXNativeTarget "sliderimageTests" */;
			buildPhases = (
				C5B0AE73232B9FAF00618E68 /* Sources */,
				C5B0AE74232B9FAF00618E68 /* Frameworks */,
				C5B0AE75232B9FAF00618E68 /* Resources */,
			);
			buildRules = (
			);
			dependencies = (
				C5B0AE79232B9FAF00618E68 /* PBXTargetDependency */,
			);
			name = sliderimageTests;
			productName = sliderimageTests;
			productReference = C5B0AE77232B9FAF00618E68 /* sliderimageTests.xctest */;
			productType = "com.apple.product-type.bundle.unit-test";
		};
		C5B0AE81232B9FAF00618E68 /* sliderimageUITests */ = {
			isa = PBXNativeTarget;
			buildConfigurationList = C5B0AE91232B9FAF00618E68 /* Build configuration list for PBXNativeTarget "sliderimageUITests" */;
			buildPhases = (
				C5B0AE7E232B9FAF00618E68 /* Sources */,
				C5B0AE7F232B9FAF00618E68 /* Frameworks */,
				C5B0AE80232B9FAF00618E68 /* Resources */,
			);
			buildRules = (
			);
			dependencies = (
				C5B0AE84232B9FAF00618E68 /* PBXTargetDependency */,
			);
			name = sliderimageUITests;
			productName = sliderimageUITests;
			productReference = C5B0AE82232B9FAF00618E68 /* sliderimageUITests.xctest */;
			productType = "com.apple.product-type.bundle.ui-testing";
		};
/* End PBXNativeTarget section */

/* Begin PBXProject section */
		C5B0AE58232B9FAE00618E68 /* Project object */ = {
			isa = PBXProject;
			attributes = {
				LastSwiftUpdateCheck = 0920;
				LastUpgradeCheck = 0920;
				ORGANIZATIONNAME = "COE-02";
				TargetAttributes = {
					C5B0AE5F232B9FAE00618E68 = {
						CreatedOnToolsVersion = 9.2;
						ProvisioningStyle = Automatic;
					};
					C5B0AE76232B9FAF00618E68 = {
						CreatedOnToolsVersion = 9.2;
						ProvisioningStyle = Automatic;
						TestTargetID = C5B0AE5F232B9FAE00618E68;
					};
					C5B0AE81232B9FAF00618E68 = {
						CreatedOnToolsVersion = 9.2;
						ProvisioningStyle = Automatic;
						TestTargetID = C5B0AE5F232B9FAE00618E68;
					};
				};
			};
			buildConfigurationList = C5B0AE5B232B9FAE00618E68 /* Build configuration list for PBXProject "sliderimage" */;
			compatibilityVersion = "Xcode 8.0";
			developmentRegion = en;
			hasScannedForEncodings = 0;
			knownRegions = (
				en,
				Base,
			);
			mainGroup = C5B0AE57232B9FAE00618E68;
			productRefGroup = C5B0AE61232B9FAE00618E68 /* Products */;
			projectDirPath = "";
			projectRoot = "";
			targets = (
				C5B0AE5F232B9FAE00618E68 /* sliderimage */,
				C5B0AE76232B9FAF00618E68 /* sliderimageTests */,
				C5B0AE81232B9FAF00618E68 /* sliderimageUITests */,
			);
		};
/* End PBXProject section */

/* Begin PBXResourcesBuildPhase section */
		C5B0AE5E232B9FAE00618E68 /* Resources */ = {
			isa = PBXResourcesBuildPhase;
			buildActionMask = 2147483647;
			files = (
				C5B0AE71232B9FAE00618E68 /* LaunchScreen.storyboard in Resources */,
				C5B0AE6E232B9FAE00618E68 /* Assets.xcassets in Resources */,
				C5B0AE69232B9FAE00618E68 /* Main.storyboard in Resources */,
			);
			runOnlyForDeploymentPostprocessing = 0;
		};
		C5B0AE75232B9FAF00618E68 /* Resources */ = {
			isa = PBXResourcesBuildPhase;
			buildActionMask = 2147483647;
			files = (
			);
			runOnlyForDeploymentPostprocessing = 0;
		};
		C5B0AE80232B9FAF00618E68 /* Resources */ = {
			isa = PBXResourcesBuildPhase;
			buildActionMask = 2147483647;
			files = (
			);
			runOnlyForDeploymentPostprocessing = 0;
		};
/* End PBXResourcesBuildPhase section */

/* Begin PBXSourcesBuildPhase section */
		C5B0AE5C232B9FAE00618E68 /* Sources */ = {
			isa = PBXSourcesBuildPhase;
			buildActionMask = 2147483647;
			files = (
				C5B0AE66232B9FAE00618E68 /* ViewController.swift in Sources */,
				C5B0AE64232B9FAE00618E68 /* AppDelegate.swift in Sources */,
				C5B0AE6C232B9FAE00618E68 /* sliderimage.xcdatamodeld in Sources */,
			);
			runOnlyForDeploymentPostprocessing = 0;
		};
		C5B0AE73232B9FAF00618E68 /* Sources */ = {
			isa = PBXSourcesBuildPhase;
			buildActionMask = 2147483647;
			files = (
				C5B0AE7C232B9FAF00618E68 /* sliderimageTests.swift in Sources */,
			);
			runOnlyForDeploymentPostprocessing = 0;
		};
		C5B0AE7E232B9FAF00618E68 /* Sources */ = {
			isa = PBXSourcesBuildPhase;
			buildActionMask = 2147483647;
			files = (
				C5B0AE87232B9FAF00618E68 /* sliderimageUITests.swift in Sources */,
			);
			runOnlyForDeploymentPostprocessing = 0;
		};
/* End PBXSourcesBuildPhase section */

/* Begin PBXTargetDependency section */
		C5B0AE79232B9FAF00618E68 /* PBXTargetDependency */ = {
			isa = PBXTargetDependency;
			target = C5B0AE5F232B9FAE00618E68 /* sliderimage */;
			targetProxy = C5B0AE78232B9FAF00618E68 /* PBXContainerItemProxy */;
		};
		C5B0AE84232B9FAF00618E68 /* PBXTargetDependency */ = {
			isa = PBXTargetDependency;
			target = C5B0AE5F232B9FAE00618E68 /* sliderimage */;
			targetProxy = C5B0AE83232B9FAF00618E68 /* PBXContainerItemProxy */;
		};
/* End PBXTargetDependency section */

/* Begin PBXVariantGroup section */
		C5B0AE67232B9FAE00618E68 /* Main.storyboard */ = {
			isa = PBXVariantGroup;
			children = (
				C5B0AE68232B9FAE00618E68 /* Base */,
			);
			name = Main.storyboard;
			sourceTree = "<group>";
		};
		C5B0AE6F232B9FAE00618E68 /* LaunchScreen.storyboard */ = {
			isa = PBXVariantGroup;
			children = (
				C5B0AE70232B9FAE00618E68 /* Base */,
			);
			name = LaunchScreen.storyboard;
			sourceTree = "<group>";
		};
/* End PBXVariantGroup section */

/* Begin XCBuildConfiguration section */
		C5B0AE89232B9FAF00618E68 /* Debug */ = {
			isa = XCBuildConfiguration;
			buildSettings = {
				ALWAYS_SEARCH_USER_PATHS = NO;
				CLANG_ANALYZER_NONNULL = YES;
				CLANG_ANALYZER_NUMBER_OBJECT_CONVERSION = YES_AGGRESSIVE;
				CLANG_CXX_LANGUAGE_STANDARD = "gnu++14";
				CLANG_CXX_LIBRARY = "libc++";
				CLANG_ENABLE_MODULES = YES;
				CLANG_ENABLE_OBJC_ARC = YES;
				CLANG_WARN_BLOCK_CAPTURE_AUTORELEASING = YES;
				CLANG_WARN_BOOL_CONVERSION = YES;
				CLANG_WARN_COMMA = YES;
				CLANG_WARN_CONSTANT_CONVERSION = YES;
				CLANG_WARN_DIRECT_OBJC_ISA_USAGE = YES_ERROR;
				CLANG_WARN_DOCUMENTATION_COMMENTS = YES;
				CLANG_WARN_EMPTY_BODY = YES;
				CLANG_WARN_ENUM_CONVERSION = YES;
				CLANG_WARN_INFINITE_RECURSION = YES;
				CLANG_WARN_INT_CONVERSION = YES;
				CLANG_WARN_NON_LITERAL_NULL_CONVERSION = YES;
				CLANG_WARN_OBJC_LITERAL_CONVERSION = YES;
				CLANG_WARN_OBJC_ROOT_CLASS = YES_ERROR;
				CLANG_WARN_RANGE_LOOP_ANALYSIS = YES;
				CLANG_WARN_STRICT_PROTOTYPES = YES;
				CLANG_WARN_SUSPICIOUS_MOVE = YES;
				CLANG_WARN_UNGUARDED_AVAILABILITY = YES_AGGRESSIVE;
				CLANG_WARN_UNREACHABLE_CODE = YES;
				CLANG_WARN__DUPLICATE_METHOD_MATCH = YES;
				CODE_SIGN_IDENTITY = "iPhone Developer";
				COPY_PHASE_STRIP = NO;
				DEBUG_INFORMATION_FORMAT = dwarf;
				ENABLE_STRICT_OBJC_MSGSEND = YES;
				ENABLE_TESTABILITY = YES;
				GCC_C_LANGUAGE_STANDARD = gnu11;
				GCC_DYNAMIC_NO_PIC = NO;
				GCC_NO_COMMON_BLOCKS = YES;
				GCC_OPTIMIZATION_LEVEL = 0;
				GCC_PREPROCESSOR_DEFINITIONS = (
					"DEBUG=1",
					"$(inherited)",
				);
				GCC_WARN_64_TO_32_BIT_CONVERSION = YES;
				GCC_WARN_ABOUT_RETURN_TYPE = YES_ERROR;
				GCC_WARN_UNDECLARED_SELECTOR = YES;
				GCC_WARN_UNINITIALIZED_AUTOS = YES_AGGRESSIVE;
				GCC_WARN_UNUSED_FUNCTION = YES;
				GCC_WARN_UNUSED_VARIABLE = YES;
				IPHONEOS_DEPLOYMENT_TARGET = 11.2;
				MTL_ENABLE_DEBUG_INFO = YES;
				ONLY_ACTIVE_ARCH = YES;
				SDKROOT = iphoneos;
				SWIFT_ACTIVE_COMPILATION_CONDITIONS = DEBUG;
				SWIFT_OPTIMIZATION_LEVEL = "-Onone";
			};
			name = Debug;
		};
		C5B0AE8A232B9FAF00618E68 /* Release */ = {
			isa = XCBuildConfiguration;
			buildSettings = {
				ALWAYS_SEARCH_USER_PATHS = NO;
				CLANG_ANALYZER_NONNULL = YES;
				CLANG_ANALYZER_NUMBER_OBJECT_CONVERSION = YES_AGGRESSIVE;
				CLANG_CXX_LANGUAGE_STANDARD = "gnu++14";
				CLANG_CXX_LIBRARY = "libc++";
				CLANG_ENABLE_MODULES = YES;
				CLANG_ENABLE_OBJC_ARC = YES;
				CLANG_WARN_BLOCK_CAPTURE_AUTORELEASING = YES;
				CLANG_WARN_BOOL_CONVERSION = YES;
				CLANG_WARN_COMMA = YES;
				CLANG_WARN_CONSTANT_CONVERSION = YES;
				CLANG_WARN_DIRECT_OBJC_ISA_USAGE = YES_ERROR;
				CLANG_WARN_DOCUMENTATION_COMMENTS = YES;
				CLANG_WARN_EMPTY_BODY = YES;
				CLANG_WARN_ENUM_CONVERSION = YES;
				CLANG_WARN_INFINITE_RECURSION = YES;
				CLANG_WARN_INT_CONVERSION = YES;
				CLANG_WARN_NON_LITERAL_NULL_CONVERSION = YES;
				CLANG_WARN_OBJC_LITERAL_CONVERSION = YES;
				CLANG_WARN_OBJC_ROOT_CLASS = YES_ERROR;
				CLANG_WARN_RANGE_LOOP_ANALYSIS = YES;
				CLANG_WARN_STRICT_PROTOTYPES = YES;
				CLANG_WARN_SUSPICIOUS_MOVE = YES;
				CLANG_WARN_UNGUARDED_AVAILABILITY = YES_AGGRESSIVE;
				CLANG_WARN_UNREACHABLE_CODE = YES;
				CLANG_WARN__DUPLICATE_METHOD_MATCH = YES;
				CODE_SIGN_IDENTITY = "iPhone Developer";
				COPY_PHASE_STRIP = NO;
				DEBUG_INFORMATION_FORMAT = "dwarf-with-dsym";
				ENABLE_NS_ASSERTIONS = NO;
				ENABLE_STRICT_OBJC_MSGSEND = YES;
				GCC_C_LANGUAGE_STANDARD = gnu11;
				GCC_NO_COMMON_BLOCKS = YES;
				GCC_WARN_64_TO_32_BIT_CONVERSION = YES;
				GCC_WARN_ABOUT_RETURN_TYPE = YES_ERROR;
				GCC_WARN_UNDECLARED_SELECTOR = YES;
				GCC_WARN_UNINITIALIZED_AUTOS = YES_AGGRESSIVE;
				GCC_WARN_UNUSED_FUNCTION = YES;
				GCC_WARN_UNUSED_VARIABLE = YES;
				IPHONEOS_DEPLOYMENT_TARGET = 11.2;
				MTL_ENABLE_DEBUG_INFO = NO;
				SDKROOT = iphoneos;
				SWIFT_OPTIMIZATION_LEVEL = "-Owholemodule";
				VALIDATE_PRODUCT = YES;
			};
			name = Release;
		};
		C5B0AE8C232B9FAF00618E68 /* Debug */ = {
			isa = XCBuildConfiguration;
			buildSettings = {
				ASSETCATALOG_COMPILER_APPICON_NAME = AppIcon;
				CODE_SIGN_STYLE = Automatic;
				INFOPLIST_FILE = sliderimage/Info.plist;
				LD_RUNPATH_SEARCH_PATHS = "$(inherited) @executable_path/Frameworks";
				PRODUCT_BUNDLE_IDENTIFIER = daivat.sliderimage;
				PRODUCT_NAME = "$(TARGET_NAME)";
				SWIFT_VERSION = 4.0;
				TARGETED_DEVICE_FAMILY = "1,2";
			};
			name = Debug;
		};
		C5B0AE8D232B9FAF00618E68 /* Release */ = {
			isa = XCBuildConfiguration;
			buildSettings = {
				ASSETCATALOG_COMPILER_APPICON_NAME = AppIcon;
				CODE_SIGN_STYLE = Automatic;
				INFOPLIST_FILE = sliderimage/Info.plist;
				LD_RUNPATH_SEARCH_PATHS = "$(inherited) @executable_path/Frameworks";
				PRODUCT_BUNDLE_IDENTIFIER = daivat.sliderimage;
				PRODUCT_NAME = "$(TARGET_NAME)";
				SWIFT_VERSION = 4.0;
				TARGETED_DEVICE_FAMILY = "1,2";
			};
			name = Release;
		};
		C5B0AE8F232B9FAF00618E68 /* Debug */ = {
			isa = XCBuildConfiguration;
			buildSettings = {
				ALWAYS_EMBED_SWIFT_STANDARD_LIBRARIES = YES;
				BUNDLE_LOADER = "$(TEST_HOST)";
				CODE_SIGN_STYLE = Automatic;
				INFOPLIST_FILE = sliderimageTests/Info.plist;
				LD_RUNPATH_SEARCH_PATHS = "$(inherited) @executable_path/Frameworks @loader_path/Frameworks";
				PRODUCT_BUNDLE_IDENTIFIER = daivat.sliderimageTests;
				PRODUCT_NAME = "$(TARGET_NAME)";
				SWIFT_VERSION = 4.0;
				TARGETED_DEVICE_FAMILY = "1,2";
				TEST_HOST = "$(BUILT_PRODUCTS_DIR)/sliderimage.app/sliderimage";
			};
			name = Debug;
		};
		C5B0AE90232B9FAF00618E68 /* Release */ = {
			isa = XCBuildConfiguration;
			buildSettings = {
				ALWAYS_EMBED_SWIFT_STANDARD_LIBRARIES = YES;
				BUNDLE_LOADER = "$(TEST_HOST)";
				CODE_SIGN_STYLE = Automatic;
				INFOPLIST_FILE = sliderimageTests/Info.plist;
				LD_RUNPATH_SEARCH_PATHS = "$(inherited) @executable_path/Frameworks @loader_path/Frameworks";
				PRODUCT_BUNDLE_IDENTIFIER = daivat.sliderimageTests;
				PRODUCT_NAME = "$(TARGET_NAME)";
				SWIFT_VERSION = 4.0;
				TARGETED_DEVICE_FAMILY = "1,2";
				TEST_HOST = "$(BUILT_PRODUCTS_DIR)/sliderimage.app/sliderimage";
			};
			name = Release;
		};
		C5B0AE92232B9FAF00618E68 /* Debug */ = {
			isa = XCBuildConfiguration;
			buildSettings = {
				ALWAYS_EMBED_SWIFT_STANDARD_LIBRARIES = YES;
				CODE_SIGN_STYLE = Automatic;
				INFOPLIST_FILE = sliderimageUITests/Info.plist;
				LD_RUNPATH_SEARCH_PATHS = "$(inherited) @executable_path/Frameworks @loader_path/Frameworks";
				PRODUCT_BUNDLE_IDENTIFIER = daivat.sliderimageUITests;
				PRODUCT_NAME = "$(TARGET_NAME)";
				SWIFT_VERSION = 4.0;
				TARGETED_DEVICE_FAMILY = "1,2";
				TEST_TARGET_NAME = sliderimage;
			};
			name = Debug;
		};
		C5B0AE93232B9FAF00618E68 /* Release */ = {
			isa = XCBuildConfiguration;
			buildSettings = {
				ALWAYS_EMBED_SWIFT_STANDARD_LIBRARIES = YES;
				CODE_SIGN_STYLE = Automatic;
				INFOPLIST_FILE = sliderimageUITests/Info.plist;
				LD_RUNPATH_SEARCH_PATHS = "$(inherited) @executable_path/Frameworks @loader_path/Frameworks";
				PRODUCT_BUNDLE_IDENTIFIER = daivat.sliderimageUITests;
				PRODUCT_NAME = "$(TARGET_NAME)";
				SWIFT_VERSION = 4.0;
				TARGETED_DEVICE_FAMILY = "1,2";
				TEST_TARGET_NAME = sliderimage;
			};
			name = Release;
		};
/* End XCBuildConfiguration section */

/* Begin XCConfigurationList section */
		C5B0AE5B232B9FAE00618E68 /* Build configuration list for PBXProject "sliderimage" */ = {
			isa = XCConfigurationList;
			buildConfigurations = (
				C5B0AE89232B9FAF00618E68 /* Debug */,
				C5B0AE8A232B9FAF00618E68 /* Release */,
			);
			defaultConfigurationIsVisible = 0;
			defaultConfigurationName = Release;
		};
		C5B0AE8B232B9FAF00618E68 /* Build configuration list for PBXNativeTarget "sliderimage" */ = {
			isa = XCConfigurationList;
			buildConfigurations = (
				C5B0AE8C232B9FAF00618E68 /* Debug */,
				C5B0AE8D232B9FAF00618E68 /* Release */,
			);
			defaultConfigurationIsVisible = 0;
			defaultConfigurationName = Release;
		};
		C5B0AE8E232B9FAF00618E68 /* Build configuration list for PBXNativeTarget "sliderimageTests" */ = {
			isa = XCConfigurationList;
			buildConfigurations = (
				C5B0AE8F232B9FAF00618E68 /* Debug */,
				C5B0AE90232B9FAF00618E68 /* Release */,
			);
			defaultConfigurationIsVisible = 0;
			defaultConfigurationName = Release;
		};
		C5B0AE91232B9FAF00618E68 /* Build configuration list for PBXNativeTarget "sliderimageUITests" */ = {
			isa = XCConfigurationList;
			buildConfigurations = (
				C5B0AE92232B9FAF00618E68 /* Debug */,
				C5B0AE93232B9FAF00618E68 /* Release */,
			);
			defaultConfigurationIsVisible = 0;
			defaultConfigurationName = Release;
		};
/* End XCConfigurationList section */

/* Begin XCVersionGroup section */
		C5B0AE6A232B9FAE00618E68 /* sliderimage.xcdatamodeld */ = {
			isa = XCVersionGroup;
			children = (
				C5B0AE6B232B9FAE00618E68 /* sliderimage.xcdatamodel */,
			);
			currentVersion = C5B0AE6B232B9FAE00618E68 /* sliderimage.xcdatamodel */;
			path = sliderimage.xcdatamodeld;
			sourceTree = "<group>";
			versionGroupType = wrapper.xcdatamodel;
		};
/* End XCVersionGroup section */
	};
	rootObject = C5B0AE58232B9FAE00618E68 /* Project object */;
}
